github.com/google/uuid v1.3.0 h1:t6JiXgmwXMjEs8VusXIJk2BXHsn+wx8BZdTaoZ5fu7I=
github.com/google/uuid v1.3.0/go.mod h1:TIyPZe4MgqvfeYDBFedMoGGpEw/LqOeaOT+nhxU+yHo=
github.com/robertgarayshin/ozonLearning v0.0.0-20221124122243-cfd0bba19251 h1:3tgqIl7vAlxyZRB0LC+t8Oe6Fmaqign/b5xeXu8DXd0=
github.com/robertgarayshin/ozonLearning v0.0.0-20221124122243-cfd0bba19251/go.mod h1:ZyF0qcuDo/wAo/LURYT4BGDaiEqlqXmSIndUnwBaXno=
